
Microsoft Visual Studio Solution File, Format Version 11.00
# Visual Studio 2010
Project("{FAE04EC0-301F-11D3-BF4B-00C04F79EFBC}") = "ClipUpload4", "ClipUpload4\ClipUpload4.csproj", "{38B2CAB1-15D9-43C9-B853-ADAE7D4DEF58}"
	ProjectSection(ProjectDependencies) = postProject
		{BC05170F-B4D3-4A75-A56F-259532257288} = {BC05170F-B4D3-4A75-A56F-259532257288}
		{046F2F4E-6766-4E8C-A0E6-A85CE67AC585} = {046F2F4E-6766-4E8C-A0E6-A85CE67AC585}
		{9BD8EA5C-A851-411E-BF45-3B9AE5094225} = {9BD8EA5C-A851-411E-BF45-3B9AE5094225}
		{4C72A271-2B4E-4496-A87C-85EDFB2D1E94} = {4C72A271-2B4E-4496-A87C-85EDFB2D1E94}
		{6D085CBF-3BD3-4400-97BA-67CC0281BE86} = {6D085CBF-3BD3-4400-97BA-67CC0281BE86}
		{3254DCD2-7AFA-4E56-ADBD-C463460D3214} = {3254DCD2-7AFA-4E56-ADBD-C463460D3214}
		{8AE54AD6-3736-4370-8459-FEB33350F66A} = {8AE54AD6-3736-4370-8459-FEB33350F66A}
		{C39F58E0-FCBB-49FE-98E9-885BBB1F8504} = {C39F58E0-FCBB-49FE-98E9-885BBB1F8504}
		{E57EF9E2-3216-437B-A360-0600FCE78079} = {E57EF9E2-3216-437B-A360-0600FCE78079}
		{23C3E4ED-3355-41D1-9993-3AEE19E4571D} = {23C3E4ED-3355-41D1-9993-3AEE19E4571D}
	EndProjectSection
EndProject
Project("{2150E333-8FDC-42A3-9474-1A3956D46DE8}") = "Addons", "Addons", "{C159A036-07BF-43B8-B8E2-FDF7DB6E4514}"
EndProject
Project("{FAE04EC0-301F-11D3-BF4B-00C04F79EFBC}") = "FTP", "FTP\FTP.csproj", "{3254DCD2-7AFA-4E56-ADBD-C463460D3214}"
EndProject
Project("{FAE04EC0-301F-11D3-BF4B-00C04F79EFBC}") = "AddonHelper", "AddonHelper\AddonHelper.csproj", "{DB155373-2AC1-4988-99AB-312DF5F157F4}"
EndProject
Project("{FAE04EC0-301F-11D3-BF4B-00C04F79EFBC}") = "ClipBoard", "Clipboard\ClipBoard.csproj", "{23C3E4ED-3355-41D1-9993-3AEE19E4571D}"
EndProject
Project("{2150E333-8FDC-42A3-9474-1A3956D46DE8}") = "3rd party", "3rd party", "{2C37E348-C712-457F-ABF0-965182FCAC6C}"
EndProject
Project("{2150E333-8FDC-42A3-9474-1A3956D46DE8}") = "1st party", "1st party", "{E079280D-FED7-44D5-BBE3-6C5A862845E3}"
EndProject
Project("{FAE04EC0-301F-11D3-BF4B-00C04F79EFBC}") = "Facebook", "Facebook\Facebook.csproj", "{6D085CBF-3BD3-4400-97BA-67CC0281BE86}"
EndProject
Project("{FAE04EC0-301F-11D3-BF4B-00C04F79EFBC}") = "Dropbox", "Dropbox\Dropbox.csproj", "{4C72A271-2B4E-4496-A87C-85EDFB2D1E94}"
EndProject
Project("{FAE04EC0-301F-11D3-BF4B-00C04F79EFBC}") = "Pastebin", "Pastebin\Pastebin.csproj", "{E57EF9E2-3216-437B-A360-0600FCE78079}"
EndProject
Project("{FAE04EC0-301F-11D3-BF4B-00C04F79EFBC}") = "PostHttp", "PostHttp\PostHttp.csproj", "{9BD8EA5C-A851-411E-BF45-3B9AE5094225}"
EndProject
Project("{FAE04EC0-301F-11D3-BF4B-00C04F79EFBC}") = "Imgur", "Imgur\Imgur.csproj", "{8AE54AD6-3736-4370-8459-FEB33350F66A}"
EndProject
Project("{2150E333-8FDC-42A3-9474-1A3956D46DE8}") = "Private", "Private", "{2A4B39CD-9423-4816-8480-F23A80AB537F}"
EndProject
Project("{2150E333-8FDC-42A3-9474-1A3956D46DE8}") = "Hosted", "Hosted", "{01BBFE36-114A-4E56-BB05-8FB16E10D229}"
EndProject
Project("{FAE04EC0-301F-11D3-BF4B-00C04F79EFBC}") = "SelfHoster", "SelfHoster\SelfHoster.csproj", "{BC05170F-B4D3-4A75-A56F-259532257288}"
EndProject
Project("{FAE04EC0-301F-11D3-BF4B-00C04F79EFBC}") = "SFTP", "SFTP\SFTP.csproj", "{046F2F4E-6766-4E8C-A0E6-A85CE67AC585}"
EndProject
Project("{FAE04EC0-301F-11D3-BF4B-00C04F79EFBC}") = "AddonTemplate", "AddonTemplate\AddonTemplate.csproj", "{F8B7138B-C9E4-447A-BB07-B5FFE632530D}"
EndProject
Project("{FAE04EC0-301F-11D3-BF4B-00C04F79EFBC}") = "ClipUploadShellExtension", "ClipUploadShellExtension\ClipUploadShellExtension.csproj", "{7D22FDA2-5D38-4852-9254-3E9AAFBCE8E8}"
EndProject
Project("{FAE04EC0-301F-11D3-BF4B-00C04F79EFBC}") = "Zippyshare", "Zippyshare\Zippyshare.csproj", "{C39F58E0-FCBB-49FE-98E9-885BBB1F8504}"
EndProject
Global
	GlobalSection(SolutionConfigurationPlatforms) = preSolution
		Debug|Any CPU = Debug|Any CPU
		Debug|Mixed Platforms = Debug|Mixed Platforms
		Debug|x86 = Debug|x86
		Release|Any CPU = Release|Any CPU
		Release|Mixed Platforms = Release|Mixed Platforms
		Release|x86 = Release|x86
	EndGlobalSection
	GlobalSection(ProjectConfigurationPlatforms) = postSolution
		{38B2CAB1-15D9-43C9-B853-ADAE7D4DEF58}.Debug|Any CPU.ActiveCfg = Debug|x86
		{38B2CAB1-15D9-43C9-B853-ADAE7D4DEF58}.Debug|Mixed Platforms.ActiveCfg = Debug|x86
		{38B2CAB1-15D9-43C9-B853-ADAE7D4DEF58}.Debug|Mixed Platforms.Build.0 = Debug|x86
		{38B2CAB1-15D9-43C9-B853-ADAE7D4DEF58}.Debug|x86.ActiveCfg = Debug|x86
		{38B2CAB1-15D9-43C9-B853-ADAE7D4DEF58}.Debug|x86.Build.0 = Debug|x86
		{38B2CAB1-15D9-43C9-B853-ADAE7D4DEF58}.Release|Any CPU.ActiveCfg = Release|x86
		{38B2CAB1-15D9-43C9-B853-ADAE7D4DEF58}.Release|Mixed Platforms.ActiveCfg = Release|x86
		{38B2CAB1-15D9-43C9-B853-ADAE7D4DEF58}.Release|Mixed Platforms.Build.0 = Release|x86
		{38B2CAB1-15D9-43C9-B853-ADAE7D4DEF58}.Release|x86.ActiveCfg = Release|x86
		{38B2CAB1-15D9-43C9-B853-ADAE7D4DEF58}.Release|x86.Build.0 = Release|x86
		{3254DCD2-7AFA-4E56-ADBD-C463460D3214}.Debug|Any CPU.ActiveCfg = Debug|x86
		{3254DCD2-7AFA-4E56-ADBD-C463460D3214}.Debug|Mixed Platforms.ActiveCfg = Debug|x86
		{3254DCD2-7AFA-4E56-ADBD-C463460D3214}.Debug|Mixed Platforms.Build.0 = Debug|x86
		{3254DCD2-7AFA-4E56-ADBD-C463460D3214}.Debug|x86.ActiveCfg = Debug|x86
		{3254DCD2-7AFA-4E56-ADBD-C463460D3214}.Debug|x86.Build.0 = Debug|x86
		{3254DCD2-7AFA-4E56-ADBD-C463460D3214}.Release|Any CPU.ActiveCfg = Release|x86
		{3254DCD2-7AFA-4E56-ADBD-C463460D3214}.Release|Mixed Platforms.ActiveCfg = Release|x86
		{3254DCD2-7AFA-4E56-ADBD-C463460D3214}.Release|Mixed Platforms.Build.0 = Release|x86
		{3254DCD2-7AFA-4E56-ADBD-C463460D3214}.Release|x86.ActiveCfg = Release|x86
		{3254DCD2-7AFA-4E56-ADBD-C463460D3214}.Release|x86.Build.0 = Release|x86
		{DB155373-2AC1-4988-99AB-312DF5F157F4}.Debug|Any CPU.ActiveCfg = Debug|x86
		{DB155373-2AC1-4988-99AB-312DF5F157F4}.Debug|Mixed Platforms.ActiveCfg = Debug|x86
		{DB155373-2AC1-4988-99AB-312DF5F157F4}.Debug|Mixed Platforms.Build.0 = Debug|x86
		{DB155373-2AC1-4988-99AB-312DF5F157F4}.Debug|x86.ActiveCfg = Debug|x86
		{DB155373-2AC1-4988-99AB-312DF5F157F4}.Debug|x86.Build.0 = Debug|x86
		{DB155373-2AC1-4988-99AB-312DF5F157F4}.Release|Any CPU.ActiveCfg = Release|x86
		{DB155373-2AC1-4988-99AB-312DF5F157F4}.Release|Mixed Platforms.ActiveCfg = Release|x86
		{DB155373-2AC1-4988-99AB-312DF5F157F4}.Release|Mixed Platforms.Build.0 = Release|x86
		{DB155373-2AC1-4988-99AB-312DF5F157F4}.Release|x86.ActiveCfg = Release|x86
		{DB155373-2AC1-4988-99AB-312DF5F157F4}.Release|x86.Build.0 = Release|x86
		{23C3E4ED-3355-41D1-9993-3AEE19E4571D}.Debug|Any CPU.ActiveCfg = Debug|x86
		{23C3E4ED-3355-41D1-9993-3AEE19E4571D}.Debug|Mixed Platforms.ActiveCfg = Debug|x86
		{23C3E4ED-3355-41D1-9993-3AEE19E4571D}.Debug|Mixed Platforms.Build.0 = Debug|x86
		{23C3E4ED-3355-41D1-9993-3AEE19E4571D}.Debug|x86.ActiveCfg = Debug|x86
		{23C3E4ED-3355-41D1-9993-3AEE19E4571D}.Debug|x86.Build.0 = Debug|x86
		{23C3E4ED-3355-41D1-9993-3AEE19E4571D}.Release|Any CPU.ActiveCfg = Release|x86
		{23C3E4ED-3355-41D1-9993-3AEE19E4571D}.Release|Mixed Platforms.ActiveCfg = Release|x86
		{23C3E4ED-3355-41D1-9993-3AEE19E4571D}.Release|Mixed Platforms.Build.0 = Release|x86
		{23C3E4ED-3355-41D1-9993-3AEE19E4571D}.Release|x86.ActiveCfg = Release|x86
		{23C3E4ED-3355-41D1-9993-3AEE19E4571D}.Release|x86.Build.0 = Release|x86
		{6D085CBF-3BD3-4400-97BA-67CC0281BE86}.Debug|Any CPU.ActiveCfg = Debug|x86
		{6D085CBF-3BD3-4400-97BA-67CC0281BE86}.Debug|Mixed Platforms.ActiveCfg = Debug|x86
		{6D085CBF-3BD3-4400-97BA-67CC0281BE86}.Debug|Mixed Platforms.Build.0 = Debug|x86
		{6D085CBF-3BD3-4400-97BA-67CC0281BE86}.Debug|x86.ActiveCfg = Debug|x86
		{6D085CBF-3BD3-4400-97BA-67CC0281BE86}.Debug|x86.Build.0 = Debug|x86
		{6D085CBF-3BD3-4400-97BA-67CC0281BE86}.Release|Any CPU.ActiveCfg = Release|x86
		{6D085CBF-3BD3-4400-97BA-67CC0281BE86}.Release|Mixed Platforms.ActiveCfg = Release|x86
		{6D085CBF-3BD3-4400-97BA-67CC0281BE86}.Release|Mixed Platforms.Build.0 = Release|x86
		{6D085CBF-3BD3-4400-97BA-67CC0281BE86}.Release|x86.ActiveCfg = Release|x86
		{6D085CBF-3BD3-4400-97BA-67CC0281BE86}.Release|x86.Build.0 = Release|x86
		{4C72A271-2B4E-4496-A87C-85EDFB2D1E94}.Debug|Any CPU.ActiveCfg = Debug|x86
		{4C72A271-2B4E-4496-A87C-85EDFB2D1E94}.Debug|Mixed Platforms.ActiveCfg = Debug|x86
		{4C72A271-2B4E-4496-A87C-85EDFB2D1E94}.Debug|Mixed Platforms.Build.0 = Debug|x86
		{4C72A271-2B4E-4496-A87C-85EDFB2D1E94}.Debug|x86.ActiveCfg = Debug|x86
		{4C72A271-2B4E-4496-A87C-85EDFB2D1E94}.Debug|x86.Build.0 = Debug|x86
		{4C72A271-2B4E-4496-A87C-85EDFB2D1E94}.Release|Any CPU.ActiveCfg = Release|x86
		{4C72A271-2B4E-4496-A87C-85EDFB2D1E94}.Release|Mixed Platforms.ActiveCfg = Release|x86
		{4C72A271-2B4E-4496-A87C-85EDFB2D1E94}.Release|Mixed Platforms.Build.0 = Release|x86
		{4C72A271-2B4E-4496-A87C-85EDFB2D1E94}.Release|x86.ActiveCfg = Release|x86
		{4C72A271-2B4E-4496-A87C-85EDFB2D1E94}.Release|x86.Build.0 = Release|x86
		{E57EF9E2-3216-437B-A360-0600FCE78079}.Debug|Any CPU.ActiveCfg = Debug|x86
		{E57EF9E2-3216-437B-A360-0600FCE78079}.Debug|Mixed Platforms.ActiveCfg = Debug|x86
		{E57EF9E2-3216-437B-A360-0600FCE78079}.Debug|Mixed Platforms.Build.0 = Debug|x86
		{E57EF9E2-3216-437B-A360-0600FCE78079}.Debug|x86.ActiveCfg = Debug|x86
		{E57EF9E2-3216-437B-A360-0600FCE78079}.Debug|x86.Build.0 = Debug|x86
		{E57EF9E2-3216-437B-A360-0600FCE78079}.Release|Any CPU.ActiveCfg = Release|x86
		{E57EF9E2-3216-437B-A360-0600FCE78079}.Release|Mixed Platforms.ActiveCfg = Release|x86
		{E57EF9E2-3216-437B-A360-0600FCE78079}.Release|Mixed Platforms.Build.0 = Release|x86
		{E57EF9E2-3216-437B-A360-0600FCE78079}.Release|x86.ActiveCfg = Release|x86
		{E57EF9E2-3216-437B-A360-0600FCE78079}.Release|x86.Build.0 = Release|x86
		{9BD8EA5C-A851-411E-BF45-3B9AE5094225}.Debug|Any CPU.ActiveCfg = Debug|x86
		{9BD8EA5C-A851-411E-BF45-3B9AE5094225}.Debug|Mixed Platforms.ActiveCfg = Debug|x86
		{9BD8EA5C-A851-411E-BF45-3B9AE5094225}.Debug|Mixed Platforms.Build.0 = Debug|x86
		{9BD8EA5C-A851-411E-BF45-3B9AE5094225}.Debug|x86.ActiveCfg = Debug|x86
		{9BD8EA5C-A851-411E-BF45-3B9AE5094225}.Debug|x86.Build.0 = Debug|x86
		{9BD8EA5C-A851-411E-BF45-3B9AE5094225}.Release|Any CPU.ActiveCfg = Release|x86
		{9BD8EA5C-A851-411E-BF45-3B9AE5094225}.Release|Mixed Platforms.ActiveCfg = Release|x86
		{9BD8EA5C-A851-411E-BF45-3B9AE5094225}.Release|Mixed Platforms.Build.0 = Release|x86
		{9BD8EA5C-A851-411E-BF45-3B9AE5094225}.Release|x86.ActiveCfg = Release|x86
		{9BD8EA5C-A851-411E-BF45-3B9AE5094225}.Release|x86.Build.0 = Release|x86
		{8AE54AD6-3736-4370-8459-FEB33350F66A}.Debug|Any CPU.ActiveCfg = Debug|x86
		{8AE54AD6-3736-4370-8459-FEB33350F66A}.Debug|Mixed Platforms.ActiveCfg = Debug|x86
		{8AE54AD6-3736-4370-8459-FEB33350F66A}.Debug|Mixed Platforms.Build.0 = Debug|x86
		{8AE54AD6-3736-4370-8459-FEB33350F66A}.Debug|x86.ActiveCfg = Debug|x86
		{8AE54AD6-3736-4370-8459-FEB33350F66A}.Debug|x86.Build.0 = Debug|x86
		{8AE54AD6-3736-4370-8459-FEB33350F66A}.Release|Any CPU.ActiveCfg = Release|x86
		{8AE54AD6-3736-4370-8459-FEB33350F66A}.Release|Mixed Platforms.ActiveCfg = Release|x86
		{8AE54AD6-3736-4370-8459-FEB33350F66A}.Release|Mixed Platforms.Build.0 = Release|x86
		{8AE54AD6-3736-4370-8459-FEB33350F66A}.Release|x86.ActiveCfg = Release|x86
		{8AE54AD6-3736-4370-8459-FEB33350F66A}.Release|x86.Build.0 = Release|x86
		{BC05170F-B4D3-4A75-A56F-259532257288}.Debug|Any CPU.ActiveCfg = Debug|x86
		{BC05170F-B4D3-4A75-A56F-259532257288}.Debug|Mixed Platforms.ActiveCfg = Debug|x86
		{BC05170F-B4D3-4A75-A56F-259532257288}.Debug|Mixed Platforms.Build.0 = Debug|x86
		{BC05170F-B4D3-4A75-A56F-259532257288}.Debug|x86.ActiveCfg = Debug|x86
		{BC05170F-B4D3-4A75-A56F-259532257288}.Debug|x86.Build.0 = Debug|x86
		{BC05170F-B4D3-4A75-A56F-259532257288}.Release|Any CPU.ActiveCfg = Release|x86
		{BC05170F-B4D3-4A75-A56F-259532257288}.Release|Mixed Platforms.ActiveCfg = Release|x86
		{BC05170F-B4D3-4A75-A56F-259532257288}.Release|Mixed Platforms.Build.0 = Release|x86
		{BC05170F-B4D3-4A75-A56F-259532257288}.Release|x86.ActiveCfg = Release|x86
		{BC05170F-B4D3-4A75-A56F-259532257288}.Release|x86.Build.0 = Release|x86
		{046F2F4E-6766-4E8C-A0E6-A85CE67AC585}.Debug|Any CPU.ActiveCfg = Debug|x86
		{046F2F4E-6766-4E8C-A0E6-A85CE67AC585}.Debug|Mixed Platforms.ActiveCfg = Debug|x86
		{046F2F4E-6766-4E8C-A0E6-A85CE67AC585}.Debug|Mixed Platforms.Build.0 = Debug|x86
		{046F2F4E-6766-4E8C-A0E6-A85CE67AC585}.Debug|x86.ActiveCfg = Debug|x86
		{046F2F4E-6766-4E8C-A0E6-A85CE67AC585}.Debug|x86.Build.0 = Debug|x86
		{046F2F4E-6766-4E8C-A0E6-A85CE67AC585}.Release|Any CPU.ActiveCfg = Release|x86
		{046F2F4E-6766-4E8C-A0E6-A85CE67AC585}.Release|Mixed Platforms.ActiveCfg = Release|x86
		{046F2F4E-6766-4E8C-A0E6-A85CE67AC585}.Release|Mixed Platforms.Build.0 = Release|x86
		{046F2F4E-6766-4E8C-A0E6-A85CE67AC585}.Release|x86.ActiveCfg = Release|x86
		{046F2F4E-6766-4E8C-A0E6-A85CE67AC585}.Release|x86.Build.0 = Release|x86
		{F8B7138B-C9E4-447A-BB07-B5FFE632530D}.Debug|Any CPU.ActiveCfg = Debug|x86
		{F8B7138B-C9E4-447A-BB07-B5FFE632530D}.Debug|Mixed Platforms.ActiveCfg = Debug|x86
		{F8B7138B-C9E4-447A-BB07-B5FFE632530D}.Debug|x86.ActiveCfg = Debug|x86
		{F8B7138B-C9E4-447A-BB07-B5FFE632530D}.Release|Any CPU.ActiveCfg = Release|x86
		{F8B7138B-C9E4-447A-BB07-B5FFE632530D}.Release|Mixed Platforms.ActiveCfg = Release|x86
		{F8B7138B-C9E4-447A-BB07-B5FFE632530D}.Release|Mixed Platforms.Build.0 = Release|x86
		{F8B7138B-C9E4-447A-BB07-B5FFE632530D}.Release|x86.ActiveCfg = Release|x86
		{F8B7138B-C9E4-447A-BB07-B5FFE632530D}.Release|x86.Build.0 = Release|x86
		{7D22FDA2-5D38-4852-9254-3E9AAFBCE8E8}.Debug|Any CPU.ActiveCfg = Debug|x86
		{7D22FDA2-5D38-4852-9254-3E9AAFBCE8E8}.Debug|Mixed Platforms.ActiveCfg = Debug|x86
		{7D22FDA2-5D38-4852-9254-3E9AAFBCE8E8}.Debug|Mixed Platforms.Build.0 = Debug|x86
		{7D22FDA2-5D38-4852-9254-3E9AAFBCE8E8}.Debug|x86.ActiveCfg = Debug|x86
		{7D22FDA2-5D38-4852-9254-3E9AAFBCE8E8}.Debug|x86.Build.0 = Debug|x86
		{7D22FDA2-5D38-4852-9254-3E9AAFBCE8E8}.Release|Any CPU.ActiveCfg = Release|x86
		{7D22FDA2-5D38-4852-9254-3E9AAFBCE8E8}.Release|Mixed Platforms.ActiveCfg = Release|x86
		{7D22FDA2-5D38-4852-9254-3E9AAFBCE8E8}.Release|Mixed Platforms.Build.0 = Release|x86
		{7D22FDA2-5D38-4852-9254-3E9AAFBCE8E8}.Release|x86.ActiveCfg = Release|x86
		{7D22FDA2-5D38-4852-9254-3E9AAFBCE8E8}.Release|x86.Build.0 = Release|x86
		{C39F58E0-FCBB-49FE-98E9-885BBB1F8504}.Debug|Any CPU.ActiveCfg = Debug|x86
		{C39F58E0-FCBB-49FE-98E9-885BBB1F8504}.Debug|Mixed Platforms.ActiveCfg = Debug|x86
		{C39F58E0-FCBB-49FE-98E9-885BBB1F8504}.Debug|Mixed Platforms.Build.0 = Debug|x86
		{C39F58E0-FCBB-49FE-98E9-885BBB1F8504}.Debug|x86.ActiveCfg = Debug|x86
		{C39F58E0-FCBB-49FE-98E9-885BBB1F8504}.Debug|x86.Build.0 = Debug|x86
		{C39F58E0-FCBB-49FE-98E9-885BBB1F8504}.Release|Any CPU.ActiveCfg = Release|x86
		{C39F58E0-FCBB-49FE-98E9-885BBB1F8504}.Release|Mixed Platforms.ActiveCfg = Release|x86
		{C39F58E0-FCBB-49FE-98E9-885BBB1F8504}.Release|Mixed Platforms.Build.0 = Release|x86
		{C39F58E0-FCBB-49FE-98E9-885BBB1F8504}.Release|x86.ActiveCfg = Release|x86
		{C39F58E0-FCBB-49FE-98E9-885BBB1F8504}.Release|x86.Build.0 = Release|x86
	EndGlobalSection
	GlobalSection(SolutionProperties) = preSolution
		HideSolutionNode = FALSE
	EndGlobalSection
	GlobalSection(NestedProjects) = preSolution
		{E079280D-FED7-44D5-BBE3-6C5A862845E3} = {C159A036-07BF-43B8-B8E2-FDF7DB6E4514}
		{2C37E348-C712-457F-ABF0-965182FCAC6C} = {C159A036-07BF-43B8-B8E2-FDF7DB6E4514}
		{F8B7138B-C9E4-447A-BB07-B5FFE632530D} = {C159A036-07BF-43B8-B8E2-FDF7DB6E4514}
		{2A4B39CD-9423-4816-8480-F23A80AB537F} = {E079280D-FED7-44D5-BBE3-6C5A862845E3}
		{01BBFE36-114A-4E56-BB05-8FB16E10D229} = {E079280D-FED7-44D5-BBE3-6C5A862845E3}
		{23C3E4ED-3355-41D1-9993-3AEE19E4571D} = {2C37E348-C712-457F-ABF0-965182FCAC6C}
		{9BD8EA5C-A851-411E-BF45-3B9AE5094225} = {2A4B39CD-9423-4816-8480-F23A80AB537F}
		{3254DCD2-7AFA-4E56-ADBD-C463460D3214} = {2A4B39CD-9423-4816-8480-F23A80AB537F}
		{BC05170F-B4D3-4A75-A56F-259532257288} = {2A4B39CD-9423-4816-8480-F23A80AB537F}
		{046F2F4E-6766-4E8C-A0E6-A85CE67AC585} = {2A4B39CD-9423-4816-8480-F23A80AB537F}
		{4C72A271-2B4E-4496-A87C-85EDFB2D1E94} = {01BBFE36-114A-4E56-BB05-8FB16E10D229}
		{E57EF9E2-3216-437B-A360-0600FCE78079} = {01BBFE36-114A-4E56-BB05-8FB16E10D229}
		{8AE54AD6-3736-4370-8459-FEB33350F66A} = {01BBFE36-114A-4E56-BB05-8FB16E10D229}
		{6D085CBF-3BD3-4400-97BA-67CC0281BE86} = {01BBFE36-114A-4E56-BB05-8FB16E10D229}
		{C39F58E0-FCBB-49FE-98E9-885BBB1F8504} = {01BBFE36-114A-4E56-BB05-8FB16E10D229}
	EndGlobalSection
EndGlobal
